# This file was autogenerated by Stack.
# You should not edit this file by hand.
# For more information, please see the documentation at:
#   https://docs.haskellstack.org/en/stable/lock_files

packages:
- completed:
    hackage: haddock-library-1.4.5@sha256:ebcadf5592104a760c73921c5717d66a2e769978c61852ab91f3d4e2af12f700,3941
    pantry-tree:
      size: 2132
      sha256: ba773dca391aba2fa4ce32f00f3936904a622b119497911acf7428501ffa7256
  original:
    hackage: haddock-library-1.4.5
- completed:
    hackage: hoauth2-1.8.4@sha256:9c8a22fc99c92dbd6251d798e11334237e4dfc06db3677cdb5231693bd57d64e,5739
    pantry-tree:
      size: 1986
      sha256: 1f9c94f20a7c4841431a1c7eb53cc14342de0a606bdf6c16bfcdf5678e1a9b5f
  original:
    hackage: hoauth2-1.8.4
- completed:
    hackage: twitter-types-0.7.2.2@sha256:778a89d20f1b113ebf9c0f5ba8e8c8a39600d51283f422a3a17ebfe445c87418,1608
    pantry-tree:
      size: 1600
      sha256: a4f36fc712101b73f27fcc26df0dd9bb5cc27f87548fa1f2b0617ab0ab09a777
  original:
    hackage: twitter-types-0.7.2.2
snapshots:
- completed:
    size: 527836
    url: https://raw.githubusercontent.com/commercialhaskell/stackage-snapshots/master/lts/11/22.yaml
    sha256: 341870ac98d8a9f8f77c4adf2e9e0b22063e264a7fbeb4c85b7af5f380dac60e
  original: lts-11.22
